// !$*UTF8*$!
{
	archiveVersion = 1;
	classes = {
	};
	objectVersion = 50;
	objects = {

/* Begin PBXBuildFile section */
		171514DB25E8E38400C11A2B /* AppDelegate.swift in Sources */ = {isa = PBXBuildFile; fileRef = 171514DA25E8E38400C11A2B /* AppDelegate.swift */; };
		171514DD25E8E38400C11A2B /* SceneDelegate.swift in Sources */ = {isa = PBXBuildFile; fileRef = 171514DC25E8E38400C11A2B /* SceneDelegate.swift */; };
		171514DF25E8E38400C11A2B /* EmojiMemoryGameView.swift in Sources */ = {isa = PBXBuildFile; fileRef = 171514DE25E8E38400C11A2B /* EmojiMemoryGameView.swift */; };
		171514E125E8E38500C11A2B /* Assets.xcassets in Resources */ = {isa = PBXBuildFile; fileRef = 171514E025E8E38500C11A2B /* Assets.xcassets */; };
		171514E425E8E38500C11A2B /* Preview Assets.xcassets in Resources */ = {isa = PBXBuildFile; fileRef = 171514E325E8E38500C11A2B /* Preview Assets.xcassets */; };
		171514E725E8E38500C11A2B /* LaunchScreen.storyboard in Resources */ = {isa = PBXBuildFile; fileRef = 171514E525E8E38500C11A2B /* LaunchScreen.storyboard */; };
		174204B825F0EADE0085B12D /* Pie.swift in Sources */ = {isa = PBXBuildFile; fileRef = 174204B725F0EADE0085B12D /* Pie.swift */; };
		17665D6525E9317800CDC47F /* MemoryGame.swift in Sources */ = {isa = PBXBuildFile; fileRef = 17665D6425E9317800CDC47F /* MemoryGame.swift */; };
		17665D6925E9333000CDC47F /* EmojiMemoryGame.swift in Sources */ = {isa = PBXBuildFile; fileRef = 17665D6825E9333000CDC47F /* EmojiMemoryGame.swift */; };
		17A38BFF25F0F1FD00140772 /* Cardify.swift in Sources */ = {isa = PBXBuildFile; fileRef = 17A38BFE25F0F1FD00140772 /* Cardify.swift */; };
		17D5CC8A25ECE26B000F1A26 /* Grid.swift in Sources */ = {isa = PBXBuildFile; fileRef = 17D5CC8925ECE26B000F1A26 /* Grid.swift */; };
		17D5CC8E25ECE2CB000F1A26 /* GridLayout.swift in Sources */ = {isa = PBXBuildFile; fileRef = 17D5CC8D25ECE2CB000F1A26 /* GridLayout.swift */; };
		17D5CC9125ECE33F000F1A26 /* Array+Only..swift in Sources */ = {isa = PBXBuildFile; fileRef = 17D5CC9025ECE33F000F1A26 /* Array+Only..swift */; };
		17D5CC9425ECE362000F1A26 /* Array+Identifiable.swift in Sources */ = {isa = PBXBuildFile; fileRef = 17D5CC9325ECE362000F1A26 /* Array+Identifiable.swift */; };
/* End PBXBuildFile section */

/* Begin PBXFileReference section */
		171514D725E8E38400C11A2B /* Memorize.app */ = {isa = PBXFileReference; explicitFileType = wrapper.application; includeInIndex = 0; path = Memorize.app; sourceTree = BUILT_PRODUCTS_DIR; };
		171514DA25E8E38400C11A2B /* AppDelegate.swift */ = {isa = PBXFileReference; lastKnownFileType = sourcecode.swift; path = AppDelegate.swift; sourceTree = "<group>"; };
		171514DC25E8E38400C11A2B /* SceneDelegate.swift */ = {isa = PBXFileReference; lastKnownFileType = sourcecode.swift; path = SceneDelegate.swift; sourceTree = "<group>"; };
		171514DE25E8E38400C11A2B /* EmojiMemoryGameView.swift */ = {isa = PBXFileReference; lastKnownFileType = sourcecode.swift; path = EmojiMemoryGameView.swift; sourceTree = "<group>"; };
		171514E025E8E38500C11A2B /* Assets.xcassets */ = {isa = PBXFileReference; lastKnownFileType = folder.assetcatalog; path = Assets.xcassets; sourceTree = "<group>"; };
		171514E325E8E38500C11A2B /* Preview Assets.xcassets */ = {isa = PBXFileReference; lastKnownFileType = folder.assetcatalog; path = "Preview Assets.xcassets"; sourceTree = "<group>"; };
		171514E625E8E38500C11A2B /* Base */ = {isa = PBXFileReference; lastKnownFileType = file.storyboard; name = Base; path = Base.lproj/LaunchScreen.storyboard; sourceTree = "<group>"; };
		171514E825E8E38500C11A2B /* Info.plist */ = {isa = PBXFileReference; lastKnownFileType = text.plist.xml; path = Info.plist; sourceTree = "<group>"; };
		174204B725F0EADE0085B12D /* Pie.swift */ = {isa = PBXFileReference; lastKnownFileType = sourcecode.swift; path = Pie.swift; sourceTree = "<group>"; };
		17665D6425E9317800CDC47F /* MemoryGame.swift */ = {isa = PBXFileReference; lastKnownFileType = sourcecode.swift; path = MemoryGame.swift; sourceTree = "<group>"; };
		17665D6825E9333000CDC47F /* EmojiMemoryGame.swift */ = {isa = PBXFileReference; lastKnownFileType = sourcecode.swift; path = EmojiMemoryGame.swift; sourceTree = "<group>"; };
		17A38BFE25F0F1FD00140772 /* Cardify.swift */ = {isa = PBXFileReference; fileEncoding = 4; lastKnownFileType = sourcecode.swift; path = Cardify.swift; sourceTree = "<group>"; };
		17D5CC8925ECE26B000F1A26 /* Grid.swift */ = {isa = PBXFileReference; lastKnownFileType = sourcecode.swift; path = Grid.swift; sourceTree = "<group>"; };
		17D5CC8D25ECE2CB000F1A26 /* GridLayout.swift */ = {isa = PBXFileReference; lastKnownFileType = sourcecode.swift; path = GridLayout.swift; sourceTree = "<group>"; };
		17D5CC9025ECE33F000F1A26 /* Array+Only..swift */ = {isa = PBXFileReference; lastKnownFileType = sourcecode.swift; path = "Array+Only..swift"; sourceTree = "<group>"; };
		17D5CC9325ECE362000F1A26 /* Array+Identifiable.swift */ = {isa = PBXFileReference; lastKnownFileType = sourcecode.swift; path = "Array+Identifiable.swift"; sourceTree = "<group>"; };
/* End PBXFileReference section */

/* Begin PBXFrameworksBuildPhase section */
		171514D425E8E38400C11A2B /* Frameworks */ = {
			isa = PBXFrameworksBuildPhase;
			buildActionMask = 2147483647;
			files = (
			);
			runOnlyForDeploymentPostprocessing = 0;
		};
/* End PBXFrameworksBuildPhase section */

/* Begin PBXGroup section */
		171514CE25E8E38400C11A2B = {
			isa = PBXGroup;
			children = (
				171514D925E8E38400C11A2B /* Memorize */,
				171514D825E8E38400C11A2B /* Products */,
			);
			sourceTree = "<group>";
		};
		171514D825E8E38400C11A2B /* Products */ = {
			isa = PBXGroup;
			children = (
				171514D725E8E38400C11A2B /* Memorize.app */,
			);
			name = Products;
			sourceTree = "<group>";
		};
		171514D925E8E38400C11A2B /* Memorize */ = {
			isa = PBXGroup;
			children = (
				171514DA25E8E38400C11A2B /* AppDelegate.swift */,
				171514DC25E8E38400C11A2B /* SceneDelegate.swift */,
				17D5CC8925ECE26B000F1A26 /* Grid.swift */,
				17D5CC8D25ECE2CB000F1A26 /* GridLayout.swift */,
				17D5CC9025ECE33F000F1A26 /* Array+Only..swift */,
				17D5CC9325ECE362000F1A26 /* Array+Identifiable.swift */,
				17665D6425E9317800CDC47F /* MemoryGame.swift */,
				17665D6825E9333000CDC47F /* EmojiMemoryGame.swift */,
				171514DE25E8E38400C11A2B /* EmojiMemoryGameView.swift */,
				174204B725F0EADE0085B12D /* Pie.swift */,
				17A38BFE25F0F1FD00140772 /* Cardify.swift */,
				171514E025E8E38500C11A2B /* Assets.xcassets */,
				171514E525E8E38500C11A2B /* LaunchScreen.storyboard */,
				171514E825E8E38500C11A2B /* Info.plist */,
				171514E225E8E38500C11A2B /* Preview Content */,
			);
			path = Memorize;
			sourceTree = "<group>";
		};
		171514E225E8E38500C11A2B /* Preview Content */ = {
			isa = PBXGroup;
			children = (
				171514E325E8E38500C11A2B /* Preview Assets.xcassets */,
			);
			path = "Preview Content";
			sourceTree = "<group>";
		};
/* End PBXGroup section */

/* Begin PBXNativeTarget section */
		171514D625E8E38400C11A2B /* Memorize */ = {
			isa = PBXNativeTarget;
			buildConfigurationList = 171514EB25E8E38500C11A2B /* Build configuration list for PBXNativeTarget "Memorize" */;
			buildPhases = (
				171514D325E8E38400C11A2B /* Sources */,
				171514D425E8E38400C11A2B /* Frameworks */,
				171514D525E8E38400C11A2B /* Resources */,
			);
			buildRules = (
			);
			dependencies = (
			);
			name = Memorize;
			productName = Memorize;
			productReference = 171514D725E8E38400C11A2B /* Memorize.app */;
			productType = "com.apple.product-type.application";
		};
/* End PBXNativeTarget section */

/* Begin PBXProject section */
		171514CF25E8E38400C11A2B /* Project object */ = {
			isa = PBXProject;
			attributes = {
				LastSwiftUpdateCheck = 1240;
				LastUpgradeCheck = 1240;
				TargetAttributes = {
					171514D625E8E38400C11A2B = {
						CreatedOnToolsVersion = 12.4;
					};
				};
			};
			buildConfigurationList = 171514D225E8E38400C11A2B /* Build configuration list for PBXProject "Memorize" */;
			compatibilityVersion = "Xcode 9.3";
			developmentRegion = en;
			hasScannedForEncodings = 0;
			knownRegions = (
				en,
				Base,
			);
			mainGroup = 171514CE25E8E38400C11A2B;
			productRefGroup = 171514D825E8E38400C11A2B /* Products */;
			projectDirPath = "";
			projectRoot = "";
			targets = (
				171514D625E8E38400C11A2B /* Memorize */,
			);
		};
/* End PBXProject section */

/* Begin PBXResourcesBuildPhase section */
		171514D525E8E38400C11A2B /* Resources */ = {
			isa = PBXResourcesBuildPhase;
			buildActionMask = 2147483647;
			files = (
				171514E725E8E38500C11A2B /* LaunchScreen.storyboard in Resources */,
				171514E425E8E38500C11A2B /* Preview Assets.xcassets in Resources */,
				171514E125E8E38500C11A2B /* Assets.xcassets in Resources */,
			);
			runOnlyForDeploymentPostprocessing = 0;
		};
/* End PBXResourcesBuildPhase section */

/* Begin PBXSourcesBuildPhase section */
		171514D325E8E38400C11A2B /* Sources */ = {
			isa = PBXSourcesBuildPhase;
			buildActionMask = 2147483647;
			files = (
				17A38BFF25F0F1FD00140772 /* Cardify.swift in Sources */,
				174204B825F0EADE0085B12D /* Pie.swift in Sources */,
				171514DB25E8E38400C11A2B /* AppDelegate.swift in Sources */,
				17665D6525E9317800CDC47F /* MemoryGame.swift in Sources */,
				171514DD25E8E38400C11A2B /* SceneDelegate.swift in Sources */,
				171514DF25E8E38400C11A2B /* EmojiMemoryGameView.swift in Sources */,
				17665D6925E9333000CDC47F /* EmojiMemoryGame.swift in Sources */,
				17D5CC9425ECE362000F1A26 /* Array+Identifiable.swift in Sources */,
				17D5CC8E25ECE2CB000F1A26 /* GridLayout.swift in Sources */,
				17D5CC9125ECE33F000F1A26 /* Array+Only..swift in Sources */,
				17D5CC8A25ECE26B000F1A26 /* Grid.swift in Sources */,
			);
			runOnlyForDeploymentPostprocessing = 0;
		};
/* End PBXSourcesBuildPhase section */

/* Begin PBXVariantGroup section */
		171514E525E8E38500C11A2B /* LaunchScreen.storyboard */ = {
			isa = PBXVariantGroup;
			children = (
				171514E625E8E38500C11A2B /* Base */,
			);
			name = LaunchScreen.storyboard;
			sourceTree = "<group>";
		};
/* End PBXVariantGroup section */

/* Begin XCBuildConfiguration section */
		171514E925E8E38500C11A2B /* Debug */ = {
			isa = XCBuildConfiguration;
			buildSettings = {
				ALWAYS_SEARCH_USER_PATHS = NO;
				CLANG_ANALYZER_NONNULL = YES;
				CLANG_ANALYZER_NUMBER_OBJECT_CONVERSION = YES_AGGRESSIVE;
				CLANG_CXX_LANGUAGE_STANDARD = "gnu++14";
				CLANG_CXX_LIBRARY = "libc++";
				CLANG_ENABLE_MODULES = YES;
				CLANG_ENABLE_OBJC_ARC = YES;
				CLANG_ENABLE_OBJC_WEAK = YES;
				CLANG_WARN_BLOCK_CAPTURE_AUTORELEASING = YES;
				CLANG_WARN_BOOL_CONVERSION = YES;
				CLANG_WARN_COMMA = YES;
				CLANG_WARN_CONSTANT_CONVERSION = YES;
				CLANG_WARN_DEPRECATED_OBJC_IMPLEMENTATIONS = YES;
				CLANG_WARN_DIRECT_OBJC_ISA_USAGE = YES_ERROR;
				CLANG_WARN_DOCUMENTATION_COMMENTS = YES;
				CLANG_WARN_EMPTY_BODY = YES;
				CLANG_WARN_ENUM_CONVERSION = YES;
				CLANG_WARN_INFINITE_RECURSION = YES;
				CLANG_WARN_INT_CONVERSION = YES;
				CLANG_WARN_NON_LITERAL_NULL_CONVERSION = YES;
				CLANG_WARN_OBJC_IMPLICIT_RETAIN_SELF = YES;
				CLANG_WARN_OBJC_LITERAL_CONVERSION = YES;
				CLANG_WARN_OBJC_ROOT_CLASS = YES_ERROR;
				CLANG_WARN_QUOTED_INCLUDE_IN_FRAMEWORK_HEADER = YES;
				CLANG_WARN_RANGE_LOOP_ANALYSIS = YES;
				CLANG_WARN_STRICT_PROTOTYPES = YES;
				CLANG_WARN_SUSPICIOUS_MOVE = YES;
				CLANG_WARN_UNGUARDED_AVAILABILITY = YES_AGGRESSIVE;
				CLANG_WARN_UNREACHABLE_CODE = YES;
				CLANG_WARN__DUPLICATE_METHOD_MATCH = YES;
				COPY_PHASE_STRIP = NO;
				DEBUG_INFORMATION_FORMAT = dwarf;
				ENABLE_STRICT_OBJC_MSGSEND = YES;
				ENABLE_TESTABILITY = YES;
				GCC_C_LANGUAGE_STANDARD = gnu11;
				GCC_DYNAMIC_NO_PIC = NO;
				GCC_NO_COMMON_BLOCKS = YES;
				GCC_OPTIMIZATION_LEVEL = 0;
				GCC_PREPROCESSOR_DEFINITIONS = (
					"DEBUG=1",
					"$(inherited)",
				);
				GCC_WARN_64_TO_32_BIT_CONVERSION = YES;
				GCC_WARN_ABOUT_RETURN_TYPE = YES_ERROR;
				GCC_WARN_UNDECLARED_SELECTOR = YES;
				GCC_WARN_UNINITIALIZED_AUTOS = YES_AGGRESSIVE;
				GCC_WARN_UNUSED_FUNCTION = YES;
				GCC_WARN_UNUSED_VARIABLE = YES;
				IPHONEOS_DEPLOYMENT_TARGET = 14.4;
				MTL_ENABLE_DEBUG_INFO = INCLUDE_SOURCE;
				MTL_FAST_MATH = YES;
				ONLY_ACTIVE_ARCH = YES;
				SDKROOT = iphoneos;
				SWIFT_ACTIVE_COMPILATION_CONDITIONS = DEBUG;
				SWIFT_OPTIMIZATION_LEVEL = "-Onone";
			};
			name = Debug;
		};
		171514EA25E8E38500C11A2B /* Release */ = {
			isa = XCBuildConfiguration;
			buildSettings = {
				ALWAYS_SEARCH_USER_PATHS = NO;
				CLANG_ANALYZER_NONNULL = YES;
				CLANG_ANALYZER_NUMBER_OBJECT_CONVERSION = YES_AGGRESSIVE;
				CLANG_CXX_LANGUAGE_STANDARD = "gnu++14";
				CLANG_CXX_LIBRARY = "libc++";
				CLANG_ENABLE_MODULES = YES;
				CLANG_ENABLE_OBJC_ARC = YES;
				CLANG_ENABLE_OBJC_WEAK = YES;
				CLANG_WARN_BLOCK_CAPTURE_AUTORELEASING = YES;
				CLANG_WARN_BOOL_CONVERSION = YES;
				CLANG_WARN_COMMA = YES;
				CLANG_WARN_CONSTANT_CONVERSION = YES;
				CLANG_WARN_DEPRECATED_OBJC_IMPLEMENTATIONS = YES;
				CLANG_WARN_DIRECT_OBJC_ISA_USAGE = YES_ERROR;
				CLANG_WARN_DOCUMENTATION_COMMENTS = YES;
				CLANG_WARN_EMPTY_BODY = YES;
				CLANG_WARN_ENUM_CONVERSION = YES;
				CLANG_WARN_INFINITE_RECURSION = YES;
				CLANG_WARN_INT_CONVERSION = YES;
				CLANG_WARN_NON_LITERAL_NULL_CONVERSION = YES;
				CLANG_WARN_OBJC_IMPLICIT_RETAIN_SELF = YES;
				CLANG_WARN_OBJC_LITERAL_CONVERSION = YES;
				CLANG_WARN_OBJC_ROOT_CLASS = YES_ERROR;
				CLANG_WARN_QUOTED_INCLUDE_IN_FRAMEWORK_HEADER = YES;
				CLANG_WARN_RANGE_LOOP_ANALYSIS = YES;
				CLANG_WARN_STRICT_PROTOTYPES = YES;
				CLANG_WARN_SUSPICIOUS_MOVE = YES;
				CLANG_WARN_UNGUARDED_AVAILABILITY = YES_AGGRESSIVE;
				CLANG_WARN_UNREACHABLE_CODE = YES;
				CLANG_WARN__DUPLICATE_METHOD_MATCH = YES;
				COPY_PHASE_STRIP = NO;
				DEBUG_INFORMATION_FORMAT = "dwarf-with-dsym";
				ENABLE_NS_ASSERTIONS = NO;
				ENABLE_STRICT_OBJC_MSGSEND = YES;
				GCC_C_LANGUAGE_STANDARD = gnu11;
				GCC_NO_COMMON_BLOCKS = YES;
				GCC_WARN_64_TO_32_BIT_CONVERSION = YES;
				GCC_WARN_ABOUT_RETURN_TYPE = YES_ERROR;
				GCC_WARN_UNDECLARED_SELECTOR = YES;
				GCC_WARN_UNINITIALIZED_AUTOS = YES_AGGRESSIVE;
				GCC_WARN_UNUSED_FUNCTION = YES;
				GCC_WARN_UNUSED_VARIABLE = YES;
				IPHONEOS_DEPLOYMENT_TARGET = 14.4;
				MTL_ENABLE_DEBUG_INFO = NO;
				MTL_FAST_MATH = YES;
				SDKROOT = iphoneos;
				SWIFT_COMPILATION_MODE = wholemodule;
				SWIFT_OPTIMIZATION_LEVEL = "-O";
				VALIDATE_PRODUCT = YES;
			};
			name = Release;
		};
		171514EC25E8E38500C11A2B /* Debug */ = {
			isa = XCBuildConfiguration;
			buildSettings = {
				ASSETCATALOG_COMPILER_APPICON_NAME = AppIcon;
				ASSETCATALOG_COMPILER_GLOBAL_ACCENT_COLOR_NAME = AccentColor;
				CODE_SIGN_STYLE = Automatic;
				DEVELOPMENT_ASSET_PATHS = "\"Memorize/Preview Content\"";
				ENABLE_PREVIEWS = YES;
				INFOPLIST_FILE = Memorize/Info.plist;
				LD_RUNPATH_SEARCH_PATHS = (
					"$(inherited)",
					"@executable_path/Frameworks",
				);
				PRODUCT_BUNDLE_IDENTIFIER = com.temp.Memorize;
				PRODUCT_NAME = "$(TARGET_NAME)";
				SWIFT_VERSION = 5.0;
				TARGETED_DEVICE_FAMILY = "1,2";
			};
			name = Debug;
		};
		171514ED25E8E38500C11A2B /* Release */ = {
			isa = XCBuildConfiguration;
			buildSettings = {
				ASSETCATALOG_COMPILER_APPICON_NAME = AppIcon;
				ASSETCATALOG_COMPILER_GLOBAL_ACCENT_COLOR_NAME = AccentColor;
				CODE_SIGN_STYLE = Automatic;
				DEVELOPMENT_ASSET_PATHS = "\"Memorize/Preview Content\"";
				ENABLE_PREVIEWS = YES;
				INFOPLIST_FILE = Memorize/Info.plist;
				LD_RUNPATH_SEARCH_PATHS = (
					"$(inherited)",
					"@executable_path/Frameworks",
				);
				PRODUCT_BUNDLE_IDENTIFIER = com.temp.Memorize;
				PRODUCT_NAME = "$(TARGET_NAME)";
				SWIFT_VERSION = 5.0;
				TARGETED_DEVICE_FAMILY = "1,2";
			};
			name = Release;
		};
/* End XCBuildConfiguration section */

/* Begin XCConfigurationList section */
		171514D225E8E38400C11A2B /* Build configuration list for PBXProject "Memorize" */ = {
			isa = XCConfigurationList;
			buildConfigurations = (
				171514E925E8E38500C11A2B /* Debug */,
				171514EA25E8E38500C11A2B /* Release */,
			);
			defaultConfigurationIsVisible = 0;
			defaultConfigurationName = Release;
		};
		171514EB25E8E38500C11A2B /* Build configuration list for PBXNativeTarget "Memorize" */ = {
			isa = XCConfigurationList;
			buildConfigurations = (
				171514EC25E8E38500C11A2B /* Debug */,
				171514ED25E8E38500C11A2B /* Release */,
			);
			defaultConfigurationIsVisible = 0;
			defaultConfigurationName = Release;
		};
/* End XCConfigurationList section */
	};
	rootObject = 171514CF25E8E38400C11A2B /* Project object */;
}
